<?xml version="1.0" encoding="utf-8"?>
<Project ToolsVersion="4.0" xmlns="http://schemas.microsoft.com/developer/msbuild/2003">
  <ItemGroup>
    <Filter Include="Source Files">
      <UniqueIdentifier>{4FC737F1-C7A5-4376-A066-2A32D752A2FF}</UniqueIdentifier>
      <Extensions>cpp;c;cc;cxx;def;odl;idl;hpj;bat;asm;asmx</Extensions>
    </Filter>
    <Filter Include="Header Files">
      <UniqueIdentifier>{93995380-89BD-4b04-88EB-625FBE52EBFB}</UniqueIdentifier>
      <Extensions>h;hh;hpp;hxx;hm;inl;inc;xsd</Extensions>
    </Filter>
    <Filter Include="Resource Files">
      <UniqueIdentifier>{67DA6AB6-F800-4c08-8B7A-83BB121AAD01}</UniqueIdentifier>
      <Extensions>rc;ico;cur;bmp;dlg;rc2;rct;bin;rgs;gif;jpg;jpeg;jpe;resx;tiff;tif;png;wav;mfcribbon-ms</Extensions>
    </Filter>
  </ItemGroup>
  <ItemGroup>
    <ClInclude Include="AnimationExamples\LorenzAttractor.h">
      <Filter>Header Files</Filter>
    </ClInclude>
    <ClInclude Include="AnimationExamples\InflatingBalloon.h">
      <Filter>Header Files</Filter>
    </ClInclude>
    <ClInclude Include="AnimationExamples\Balloon.h">
      <Filter>Header Files</Filter>
    </ClInclude>
    <ClInclude Include="AnimationExamples\DisappearingRisingFloatingInflatingBalloon.h">
      <Filter>Header Files</Filter>
    </ClInclude>
    <ClInclude Include="AnimationExamples\FloatingInflatingBalloon.h">
      <Filter>Header Files</Filter>
    </ClInclude>
    <ClInclude Include="AnimationExamples\RisingFloatingInflatingBalloon.h">
      <Filter>Header Files</Filter>
    </ClInclude>
    <ClInclude Include="VisualisationExamples\JuliaSet.h">
      <Filter>Header Files</Filter>
    </ClInclude>
    <ClInclude Include="CommunicationExamples\DMMInterface.h">
      <Filter>Header Files</Filter>
    </ClInclude>
    <ClInclude Include="VisualisationExamples\MandelbrotSet.h">
      <Filter>Header Files</Filter>
    </ClInclude>
    <ClInclude Include="Animation\AnimationDefinition.h">
      <Filter>Header Files</Filter>
    </ClInclude>
    <ClInclude Include="Animation\AnimationFunctions.h">
      <Filter>Header Files</Filter>
    </ClInclude>
    <ClInclude Include="Animation\AnimationImplementation.h">
      <Filter>Header Files</Filter>
    </ClInclude>
    <ClInclude Include="Animation\AnimationOperators.h">
      <Filter>Header Files</Filter>
    </ClInclude>
    <ClInclude Include="Animation\IAnimatable.h">
      <Filter>Header Files</Filter>
    </ClInclude>
    <ClInclude Include="Visualisation\VisualisationDefinition.h">
      <Filter>Header Files</Filter>
    </ClInclude>
    <ClInclude Include="Visualisation\VisualisationFunctions.h">
      <Filter>Header Files</Filter>
    </ClInclude>
    <ClInclude Include="Visualisation\VisualisationOperators.h">
      <Filter>Header Files</Filter>
    </ClInclude>
    <ClInclude Include="Visualisation\IVisualisable.h">
      <Filter>Header Files</Filter>
    </ClInclude>
    <ClInclude Include="Arithmetic\ArithmeticFunctions.h">
      <Filter>Header Files</Filter>
    </ClInclude>
    <ClInclude Include="Arithmetic\ArithmeticOperators.h">
      <Filter>Header Files</Filter>
    </ClInclude>
    <ClInclude Include="Arithmetic\ArithmeticTransforms.h">
      <Filter>Header Files</Filter>
    </ClInclude>
    <ClInclude Include="Useful\UsefulFunctions.h">
      <Filter>Header Files</Filter>
    </ClInclude>
    <ClInclude Include="Useful\UsefulOperators.h">
      <Filter>Header Files</Filter>
    </ClInclude>
    <ClInclude Include="Useful\UsefulTransforms.h">
      <Filter>Header Files</Filter>
    </ClInclude>
    <ClInclude Include="Communication\CommunicationFunctions.h">
      <Filter>Header Files</Filter>
    </ClInclude>
    <ClInclude Include="Communication\CommunicationOperators.h">
      <Filter>Header Files</Filter>
    </ClInclude>
    <ClInclude Include="Communication\ICommunicable.h">
      <Filter>Header Files</Filter>
    </ClInclude>
    <ClInclude Include="Combination\CombinationFunctions.h">
      <Filter>Header Files</Filter>
    </ClInclude>
    <ClInclude Include="Combination\CombinationOperators.h">
      <Filter>Header Files</Filter>
    </ClInclude>
    <ClInclude Include="Comparison\ComparisonFunctions.h">
      <Filter>Header Files</Filter>
    </ClInclude>
    <ClInclude Include="Comparison\ComparisonOperators.h">
      <Filter>Header Files</Filter>
    </ClInclude>
    <ClInclude Include="Comparison\LogicalComparators.h">
      <Filter>Header Files</Filter>
    </ClInclude>
    <ClInclude Include="Comparison\RelationalComparators.h">
      <Filter>Header Files</Filter>
    </ClInclude>
    <ClInclude Include="Statistical\StatisticalFunctions.h">
      <Filter>Header Files</Filter>
    </ClInclude>
    <ClInclude Include="Statistical\StatisticalOperators.h">
      <Filter>Header Files</Filter>
    </ClInclude>
    <ClInclude Include="Composition\CompositionDefinition.h">
      <Filter>Header Files</Filter>
    </ClInclude>
    <ClInclude Include="Composition\CompositionImplementation.h">
      <Filter>Header Files</Filter>
    </ClInclude>
    <ClInclude Include="GenericType\GenericType.h">
      <Filter>Header Files</Filter>
    </ClInclude>
    <ClInclude Include="Testing\UnitTests.h">
      <Filter>Header Files</Filter>
    </ClInclude>
    <ClInclude Include="Testing\Timer.h">
      <Filter>Header Files</Filter>
    </ClInclude>
    <ClInclude Include="MultiThreading\MultiThreading.h">
      <Filter>Header Files</Filter>
    </ClInclude>
    <ClInclude Include="Visualisation\IPopulatable.h">
      <Filter>Header Files</Filter>
    </ClInclude>
    <ClInclude Include="Core\NArrayDefinition.h">
      <Filter>Header Files</Filter>
    </ClInclude>
    <ClInclude Include="Core\NArrayImplementation.h">
      <Filter>Header Files</Filter>
    </ClInclude>
    <ClInclude Include="Core\Index.h">
      <Filter>Header Files</Filter>
    </ClInclude>
    <ClInclude Include="Core\Mask.h">
      <Filter>Header Files</Filter>
    </ClInclude>
    <ClInclude Include="Core\Operator.h">
      <Filter>Header Files</Filter>
    </ClInclude>
    <ClInclude Include="Core\Shape.h">
      <Filter>Header Files</Filter>
    </ClInclude>
    <ClInclude Include="Core\Transform.h">
      <Filter>Header Files</Filter>
    </ClInclude>
    <ClInclude Include="Combination\ICombinable.h">
      <Filter>Header Files</Filter>
    </ClInclude>
    <ClInclude Include="Comparison\IComparable.h">
      <Filter>Header Files</Filter>
    </ClInclude>
    <ClInclude Include="Combination\ArithmeticCombiners.h">
      <Filter>Header Files</Filter>
    </ClInclude>
    <ClInclude Include="Composition\UsefulCompositions.h">
      <Filter>Header Files</Filter>
    </ClInclude>
    <ClInclude Include="Statistical\TestStatisticalFunctions.h">
      <Filter>Header Files</Filter>
    </ClInclude>
    <ClInclude Include="Arithmetic\TestArithmeticFunctions.h">
      <Filter>Header Files</Filter>
    </ClInclude>
    <ClInclude Include="Animation\TestAnimationFunctions.h">
      <Filter>Header Files</Filter>
    </ClInclude>
    <ClInclude Include="Visualisation\TestVisualisationFunctions.h">
      <Filter>Header Files</Filter>
    </ClInclude>
    <ClInclude Include="Combination\TestCombinationFunctions.h">
      <Filter>Header Files</Filter>
    </ClInclude>
    <ClInclude Include="Comparison\TestComparisonFunctions.h">
      <Filter>Header Files</Filter>
    </ClInclude>
    <ClInclude Include="Useful\TestUsefulFunctions.h">
      <Filter>Header Files</Filter>
    </ClInclude>
    <ClInclude Include="Communication\TestCommunicationFunctions.h">
      <Filter>Header Files</Filter>
    </ClInclude>
    <ClInclude Include="Core\TestCore.h">
      <Filter>Header Files</Filter>
    </ClInclude>
    <ClInclude Include="Core\NArrayAxiomaticDefinition.h">
      <Filter>Header Files</Filter>
    </ClInclude>
    <ClInclude Include="Core\NArrayRecursiveDefinition.h">
      <Filter>Header Files</Filter>
    </ClInclude>
    <ClInclude Include="Core\NArraySupport.h">
      <Filter>Header Files</Filter>
    </ClInclude>
    <ClInclude Include="Core\NArrayAxiomaticImplementation.h">
      <Filter>Header Files</Filter>
    </ClInclude>
    <ClInclude Include="Core\NArrayRecursiveImplementation.h">
      <Filter>Header Files</Filter>
    </ClInclude>
    <ClInclude Include="Serialisation\SerialisationOperators.h">
      <Filter>Header Files</Filter>
    </ClInclude>
    <ClInclude Include="MultiThreading\TestMultiThreading.h">
      <Filter>Header Files</Filter>
    </ClInclude>
    <ClInclude Include="Serialisation\TestSerialisation.h">
      <Filter>Header Files</Filter>
    </ClInclude>
    <ClInclude Include="GenericType\TestGenericType.h">
      <Filter>Header Files</Filter>
    </ClInclude>
  </ItemGroup>
  <ItemGroup>
    <ClCompile Include="main.cpp">
      <Filter>Source Files</Filter>
    </ClCompile>
    <ClCompile Include="AnimationExamples\LorenzAttractor.cpp">
      <Filter>Source Files</Filter>
    </ClCompile>
    <ClCompile Include="AnimationExamples\InflatingBalloon.cpp">
      <Filter>Source Files</Filter>
    </ClCompile>
    <ClCompile Include="AnimationExamples\Balloon.cpp">
      <Filter>Source Files</Filter>
    </ClCompile>
    <ClCompile Include="AnimationExamples\DisappearingRisingFloatingInflatingBalloon.cpp">
      <Filter>Source Files</Filter>
    </ClCompile>
    <ClCompile Include="AnimationExamples\FloatingInflatingBalloon.cpp">
      <Filter>Source Files</Filter>
    </ClCompile>
    <ClCompile Include="AnimationExamples\RisingFloatingInflatingBalloon.cpp">
      <Filter>Source Files</Filter>
    </ClCompile>
    <ClCompile Include="CommunicationExamples\DMMInterface.cpp">
      <Filter>Source Files</Filter>
    </ClCompile>
    <ClCompile Include="Visualisation\VisualisationImplementation.h">
      <Filter>Source Files</Filter>
    </ClCompile>
    <ClCompile Include="Communication\ICommunicable.cpp">
      <Filter>Source Files</Filter>
    </ClCompile>
    <ClCompile Include="GenericType\GenericType.cpp">
      <Filter>Source Files</Filter>
    </ClCompile>
    <ClCompile Include="Testing\UnitTests.cpp">
      <Filter>Source Files</Filter>
    </ClCompile>
    <ClCompile Include="Testing\Timer.cpp">
      <Filter>Source Files</Filter>
    </ClCompile>
    <ClCompile Include="Core\Index.cpp">
      <Filter>Source Files</Filter>
    </ClCompile>
    <ClCompile Include="Core\Mask.cpp">
      <Filter>Source Files</Filter>
    </ClCompile>
    <ClCompile Include="Core\Shape.cpp">
      <Filter>Source Files</Filter>
    </ClCompile>
    <ClCompile Include="Statistical\TestStatisticalFunctions.cpp">
      <Filter>Source Files</Filter>
    </ClCompile>
    <ClCompile Include="Arithmetic\TestArithmeticFunctions.cpp">
      <Filter>Source Files</Filter>
    </ClCompile>
    <ClCompile Include="Animation\TestAnimationFunctions.cpp">
      <Filter>Source Files</Filter>
    </ClCompile>
    <ClCompile Include="Visualisation\TestVisualisationFunctions.cpp">
      <Filter>Source Files</Filter>
    </ClCompile>
    <ClCompile Include="Combination\TestCombinationFunctions.cpp">
      <Filter>Source Files</Filter>
    </ClCompile>
    <ClCompile Include="Comparison\TestComparisonFunctions.cpp">
      <Filter>Source Files</Filter>
    </ClCompile>
    <ClCompile Include="Useful\TestUsefulFunctions.cpp">
      <Filter>Source Files</Filter>
    </ClCompile>
    <ClCompile Include="Communication\TestCommunicationFunctions.cpp">
      <Filter>Source Files</Filter>
    </ClCompile>
    <ClCompile Include="Core\TestCore.cpp">
      <Filter>Source Files</Filter>
    </ClCompile>
    <ClCompile Include="Core\NArraySupport.cpp">
      <Filter>Source Files</Filter>
    </ClCompile>
    <ClCompile Include="MultiThreading\TestMultiThreading.cpp">
      <Filter>Source Files</Filter>
    </ClCompile>
    <ClCompile Include="Serialisation\TestSerialisation.cpp">
      <Filter>Source Files</Filter>
    </ClCompile>
    <ClCompile Include="GenericType\TestGenericType.cpp">
      <Filter>Source Files</Filter>
    </ClCompile>
  </ItemGroup>
  <ItemGroup>
    <None Include="README.md" />
  </ItemGroup>
  <ItemGroup>
    <Text Include="Animation\definitive_test_animation_functions_out.txt" />
    <Text Include="Arithmetic\definitive_test_arithmetic_functions_out.txt" />
    <Text Include="Combination\definitive_test_combination_functions_out.txt" />
    <Text Include="Communication\definitive_test_communication_functions_out.txt" />
    <Text Include="Comparison\definitive_test_comparison_functions_out.txt" />
    <Text Include="Core\definitive_test_core_out.txt" />
    <Text Include="GenericType\definitive_test_generic_type_out.txt" />
    <Text Include="MultiThreading\definitive_test_multi_threading_out.txt" />
    <Text Include="Serialisation\definitive_test_serialisation_out.txt" />
    <Text Include="Serialisation\non_uniform.txt" />
    <Text Include="Serialisation\uniform.txt" />
    <Text Include="Statistical\definitive_test_statistical_functions_out.txt" />
    <Text Include="Testing\definitive_generate_reference_times_out.txt" />
    <Text Include="Useful\definitive_test_useful_functions_out.txt" />
    <Text Include="Visualisation\definitive_test_visualisation_functions_out.txt" />
    <Text Include="Animation\test_animation_functions_out.txt" />
    <Text Include="Arithmetic\test_arithmetic_functions_out.txt" />
    <Text Include="Combination\test_combination_functions_out.txt" />
    <Text Include="Communication\test_communication_functions_out.txt" />
    <Text Include="CommunicationExamples\dmm1_rxtx_log.txt" />
    <Text Include="CommunicationExamples\dmm1_txrx_log.txt" />
    <Text Include="CommunicationExamples\dmm2_rxtx_log.txt" />
    <Text Include="CommunicationExamples\dmm2_txrx_log.txt" />
    <Text Include="Comparison\test_comparison_functions_out.txt" />
    <Text Include="Core\test_core_out.txt" />
    <Text Include="GenericType\test_generic_type_out.txt" />
    <Text Include="MultiThreading\test_multi_threading_out.txt" />
    <Text Include="Serialisation\test_serialisation_out.txt" />
    <Text Include="Statistical\test_statistical_functions_out.txt" />
    <Text Include="Testing\generate_reference_times_out.txt" />
    <Text Include="Useful\test_useful_functions_out.txt" />
    <Text Include="Visualisation\test_visualisation_functions_out.txt" />
  </ItemGroup>
</Project>